
Microsoft Visual Studio Solution File, Format Version 12.00
# Visual Studio Version 17
VisualStudioVersion = 17.0.31903.59
MinimumVisualStudioVersion = 10.0.40219.1
Project("{2150E333-8FDC-42A3-9474-1A3956D46DE8}") = "src", "src", "{827E0CD3-B72D-47B6-A68D-7590B98EB39B}"
EndProject
Project("{FAE04EC0-301F-11D3-BF4B-00C04F79EFBC}") = "FingerprintAgent", "src\FingerprintAgent\FingerprintAgent.csproj", "{A17E0656-257A-4B83-B30F-BE59FC1424A7}"
EndProject
Project("{2150E333-8FDC-42A3-9474-1A3956D46DE8}") = "tests", "tests", "{0AB3BF05-4346-4AA6-1389-037BE0695223}"
EndProject
Project("{FAE04EC0-301F-11D3-BF4B-00C04F79EFBC}") = "FingerprintAgent.Tests", "tests\FingerprintAgent.Tests\FingerprintAgent.Tests.csproj", "{8B58553E-3015-4318-93BB-971E206B1E90}"
EndProject
Project("{FAE04EC0-301F-11D3-BF4B-00C04F79EFBC}") = "FingerprintAgent.Host", "src\FingerprintAgent.Host\FingerprintAgent.Host.csproj", "{C03DD2D2-07FF-4A31-A354-CCA32384E081}"
EndProject
Project("{FAE04EC0-301F-11D3-BF4B-00C04F79EFBC}") = "FingerprintAgent.Installer", "src\FingerprintAgent.Installer\FingerprintAgent.Installer.csproj", "{843023B1-F4AD-420B-ADBB-7E622A36896D}"
EndProject
Project("{2150E333-8FDC-42A3-9474-1A3956D46DE8}") = "installer", "installer", "{D1E2F3A4-5B6C-7D8E-9F0A-1B2C3D4E5F6A}"
EndProject
Global
	GlobalSection(SolutionConfigurationPlatforms) = preSolution
		Debug|Any CPU = Debug|Any CPU
		Debug|x64 = Debug|x64
		Debug|x86 = Debug|x86
		Release|Any CPU = Release|Any CPU
		Release|x64 = Release|x64
		Release|x86 = Release|x86
	EndGlobalSection
	GlobalSection(ProjectConfigurationPlatforms) = postSolution
		{A17E0656-257A-4B83-B30F-BE59FC1424A7}.Debug|Any CPU.ActiveCfg = Debug|Any CPU
		{A17E0656-257A-4B83-B30F-BE59FC1424A7}.Debug|Any CPU.Build.0 = Debug|Any CPU
		{A17E0656-257A-4B83-B30F-BE59FC1424A7}.Debug|x64.ActiveCfg = Debug|Any CPU
		{A17E0656-257A-4B83-B30F-BE59FC1424A7}.Debug|x64.Build.0 = Debug|Any CPU
		{A17E0656-257A-4B83-B30F-BE59FC1424A7}.Debug|x86.ActiveCfg = Debug|x86
		{A17E0656-257A-4B83-B30F-BE59FC1424A7}.Debug|x86.Build.0 = Debug|x86
		{A17E0656-257A-4B83-B30F-BE59FC1424A7}.Release|Any CPU.ActiveCfg = Release|Any CPU
		{A17E0656-257A-4B83-B30F-BE59FC1424A7}.Release|Any CPU.Build.0 = Release|Any CPU
		{A17E0656-257A-4B83-B30F-BE59FC1424A7}.Release|x64.ActiveCfg = Release|x64
		{A17E0656-257A-4B83-B30F-BE59FC1424A7}.Release|x64.Build.0 = Release|x64
		{A17E0656-257A-4B83-B30F-BE59FC1424A7}.Release|x86.ActiveCfg = Release|x86
		{A17E0656-257A-4B83-B30F-BE59FC1424A7}.Release|x86.Build.0 = Release|x86
		{8B58553E-3015-4318-93BB-971E206B1E90}.Debug|Any CPU.ActiveCfg = Debug|Any CPU
		{8B58553E-3015-4318-93BB-971E206B1E90}.Debug|Any CPU.Build.0 = Debug|Any CPU
		{8B58553E-3015-4318-93BB-971E206B1E90}.Debug|x64.ActiveCfg = Debug|Any CPU
		{8B58553E-3015-4318-93BB-971E206B1E90}.Debug|x64.Build.0 = Debug|Any CPU
		{8B58553E-3015-4318-93BB-971E206B1E90}.Debug|x86.ActiveCfg = Debug|x86
		{8B58553E-3015-4318-93BB-971E206B1E90}.Debug|x86.Build.0 = Debug|x86
		{8B58553E-3015-4318-93BB-971E206B1E90}.Release|Any CPU.ActiveCfg = Release|Any CPU
		{8B58553E-3015-4318-93BB-971E206B1E90}.Release|Any CPU.Build.0 = Release|Any CPU
		{8B58553E-3015-4318-93BB-971E206B1E90}.Release|x64.ActiveCfg = Release|x64
		{8B58553E-3015-4318-93BB-971E206B1E90}.Release|x64.Build.0 = Release|x64
		{8B58553E-3015-4318-93BB-971E206B1E90}.Release|x86.ActiveCfg = Release|x86
		{8B58553E-3015-4318-93BB-971E206B1E90}.Release|x86.Build.0 = Release|x86
		{C03DD2D2-07FF-4A31-A354-CCA32384E081}.Debug|Any CPU.ActiveCfg = Debug|Any CPU
		{C03DD2D2-07FF-4A31-A354-CCA32384E081}.Debug|Any CPU.Build.0 = Debug|Any CPU
		{C03DD2D2-07FF-4A31-A354-CCA32384E081}.Debug|x64.ActiveCfg = Debug|Any CPU
		{C03DD2D2-07FF-4A31-A354-CCA32384E081}.Debug|x64.Build.0 = Debug|Any CPU
		{C03DD2D2-07FF-4A31-A354-CCA32384E081}.Debug|x86.ActiveCfg = Debug|Any CPU
		{C03DD2D2-07FF-4A31-A354-CCA32384E081}.Debug|x86.Build.0 = Debug|Any CPU
		{C03DD2D2-07FF-4A31-A354-CCA32384E081}.Release|Any CPU.ActiveCfg = Release|Any CPU
		{C03DD2D2-07FF-4A31-A354-CCA32384E081}.Release|Any CPU.Build.0 = Release|Any CPU
		{C03DD2D2-07FF-4A31-A354-CCA32384E081}.Release|x64.ActiveCfg = Release|Any CPU
		{C03DD2D2-07FF-4A31-A354-CCA32384E081}.Release|x64.Build.0 = Release|Any CPU
		{C03DD2D2-07FF-4A31-A354-CCA32384E081}.Release|x86.ActiveCfg = Release|Any CPU
		{C03DD2D2-07FF-4A31-A354-CCA32384E081}.Release|x86.Build.0 = Release|Any CPU
		{843023B1-F4AD-420B-ADBB-7E622A36896D}.Debug|Any CPU.ActiveCfg = Debug|Any CPU
		{843023B1-F4AD-420B-ADBB-7E622A36896D}.Debug|Any CPU.Build.0 = Debug|Any CPU
		{843023B1-F4AD-420B-ADBB-7E622A36896D}.Debug|x64.ActiveCfg = Debug|Any CPU
		{843023B1-F4AD-420B-ADBB-7E622A36896D}.Debug|x64.Build.0 = Debug|Any CPU
		{843023B1-F4AD-420B-ADBB-7E622A36896D}.Debug|x86.ActiveCfg = Debug|Any CPU
		{843023B1-F4AD-420B-ADBB-7E622A36896D}.Debug|x86.Build.0 = Debug|Any CPU
		{843023B1-F4AD-420B-ADBB-7E622A36896D}.Release|Any CPU.ActiveCfg = Release|Any CPU
		{843023B1-F4AD-420B-ADBB-7E622A36896D}.Release|Any CPU.Build.0 = Release|Any CPU
		{843023B1-F4AD-420B-ADBB-7E622A36896D}.Release|x64.ActiveCfg = Release|Any CPU
		{843023B1-F4AD-420B-ADBB-7E622A36896D}.Release|x64.Build.0 = Release|Any CPU
		{843023B1-F4AD-420B-ADBB-7E622A36896D}.Release|x86.ActiveCfg = Release|Any CPU
		{843023B1-F4AD-420B-ADBB-7E622A36896D}.Release|x86.Build.0 = Release|Any CPU
	EndGlobalSection
	GlobalSection(SolutionProperties) = preSolution
		HideSolutionNode = FALSE
	EndGlobalSection
	GlobalSection(NestedProjects) = preSolution
		{A17E0656-257A-4B83-B30F-BE59FC1424A7} = {827E0CD3-B72D-47B6-A68D-7590B98EB39B}
		{8B58553E-3015-4318-93BB-971E206B1E90} = {0AB3BF05-4346-4AA6-1389-037BE0695223}
		{C03DD2D2-07FF-4A31-A354-CCA32384E081} = {827E0CD3-B72D-47B6-A68D-7590B98EB39B}
		{843023B1-F4AD-420B-ADBB-7E622A36896D} = {827E0CD3-B72D-47B6-A68D-7590B98EB39B}
	EndGlobalSection
EndGlobal
